
Microsoft Visual Studio Solution File, Format Version 12.00
# Visual Studio Version 17
VisualStudioVersion = 17.7.34031.279
MinimumVisualStudioVersion = 10.0.40219.1
Project("{FAE04EC0-301F-11D3-BF4B-00C04F79EFBC}") = "tp5", "tp5\tp5.csproj", "{49BED449-42EE-4B65-8875-3241B2E5F04F}"
EndProject
Global
	GlobalSection(SolutionConfigurationPlatforms) = preSolution
		Debug|Any CPU = Debug|Any CPU
		Release|Any CPU = Release|Any CPU
	EndGlobalSection
	GlobalSection(ProjectConfigurationPlatforms) = postSolution
		{49BED449-42EE-4B65-8875-3241B2E5F04F}.Debug|Any CPU.ActiveCfg = Debug|Any CPU
		{49BED449-42EE-4B65-8875-3241B2E5F04F}.Debug|Any CPU.Build.0 = Debug|Any CPU
		{49BED449-42EE-4B65-8875-3241B2E5F04F}.Release|Any CPU.ActiveCfg = Release|Any CPU
		{49BED449-42EE-4B65-8875-3241B2E5F04F}.Release|Any CPU.Build.0 = Release|Any CPU
	EndGlobalSection
	GlobalSection(SolutionProperties) = preSolution
		HideSolutionNode = FALSE
	EndGlobalSection
	GlobalSection(ExtensibilityGlobals) = postSolution
		SolutionGuid = {C7883D3A-FAEE-4F47-8F92-68679280DFA6}
	EndGlobalSection
EndGlobal
